// !$*UTF8*$!
{
	archiveVersion = 1;
	classes = {
	};
	objectVersion = 50;
	objects = {

/* Begin PBXBuildFile section */
		48DA422921A00925006D1218 /* AppDelegate.swift in Sources */ = {isa = PBXBuildFile; fileRef = 48DA422821A00925006D1218 /* AppDelegate.swift */; };
		48DA422B21A00925006D1218 /* ViewController.swift in Sources */ = {isa = PBXBuildFile; fileRef = 48DA422A21A00925006D1218 /* ViewController.swift */; };
		48DA422E21A00925006D1218 /* Main.storyboard in Resources */ = {isa = PBXBuildFile; fileRef = 48DA422C21A00925006D1218 /* Main.storyboard */; };
		48DA423021A00927006D1218 /* Assets.xcassets in Resources */ = {isa = PBXBuildFile; fileRef = 48DA422F21A00927006D1218 /* Assets.xcassets */; };
		48DA423321A00927006D1218 /* LaunchScreen.storyboard in Resources */ = {isa = PBXBuildFile; fileRef = 48DA423121A00927006D1218 /* LaunchScreen.storyboard */; };
		48DA423E21A00928006D1218 /* helloSwiftTests.swift in Sources */ = {isa = PBXBuildFile; fileRef = 48DA423D21A00928006D1218 /* helloSwiftTests.swift */; };
		48DA424921A00928006D1218 /* helloSwiftUITests.swift in Sources */ = {isa = PBXBuildFile; fileRef = 48DA424821A00928006D1218 /* helloSwiftUITests.swift */; };
/* End PBXBuildFile section */

/* Begin PBXContainerItemProxy section */
		48DA423A21A00928006D1218 /* PBXContainerItemProxy */ = {
			isa = PBXContainerItemProxy;
			containerPortal = 48DA421D21A00925006D1218 /* Project object */;
			proxyType = 1;
			remoteGlobalIDString = 48DA422421A00925006D1218;
			remoteInfo = helloSwift;
		};
		48DA424521A00928006D1218 /* PBXContainerItemProxy */ = {
			isa = PBXContainerItemProxy;
			containerPortal = 48DA421D21A00925006D1218 /* Project object */;
			proxyType = 1;
			remoteGlobalIDString = 48DA422421A00925006D1218;
			remoteInfo = helloSwift;
		};
/* End PBXContainerItemProxy section */

/* Begin PBXFileReference section */
		48DA422521A00925006D1218 /* helloSwift.app */ = {isa = PBXFileReference; explicitFileType = wrapper.application; includeInIndex = 0; path = helloSwift.app; sourceTree = BUILT_PRODUCTS_DIR; };
		48DA422821A00925006D1218 /* AppDelegate.swift */ = {isa = PBXFileReference; lastKnownFileType = sourcecode.swift; path = AppDelegate.swift; sourceTree = "<group>"; };
		48DA422A21A00925006D1218 /* ViewController.swift */ = {isa = PBXFileReference; lastKnownFileType = sourcecode.swift; path = ViewController.swift; sourceTree = "<group>"; };
		48DA422D21A00925006D1218 /* Base */ = {isa = PBXFileReference; lastKnownFileType = file.storyboard; name = Base; path = Base.lproj/Main.storyboard; sourceTree = "<group>"; };
		48DA422F21A00927006D1218 /* Assets.xcassets */ = {isa = PBXFileReference; lastKnownFileType = folder.assetcatalog; path = Assets.xcassets; sourceTree = "<group>"; };
		48DA423221A00927006D1218 /* Base */ = {isa = PBXFileReference; lastKnownFileType = file.storyboard; name = Base; path = Base.lproj/LaunchScreen.storyboard; sourceTree = "<group>"; };
		48DA423421A00927006D1218 /* Info.plist */ = {isa = PBXFileReference; lastKnownFileType = text.plist.xml; path = Info.plist; sourceTree = "<group>"; };
		48DA423921A00928006D1218 /* helloSwiftTests.xctest */ = {isa = PBXFileReference; explicitFileType = wrapper.cfbundle; includeInIndex = 0; path = helloSwiftTests.xctest; sourceTree = BUILT_PRODUCTS_DIR; };
		48DA423D21A00928006D1218 /* helloSwiftTests.swift */ = {isa = PBXFileReference; lastKnownFileType = sourcecode.swift; path = helloSwiftTests.swift; sourceTree = "<group>"; };
		48DA423F21A00928006D1218 /* Info.plist */ = {isa = PBXFileReference; lastKnownFileType = text.plist.xml; path = Info.plist; sourceTree = "<group>"; };
		48DA424421A00928006D1218 /* helloSwiftUITests.xctest */ = {isa = PBXFileReference; explicitFileType = wrapper.cfbundle; includeInIndex = 0; path = helloSwiftUITests.xctest; sourceTree = BUILT_PRODUCTS_DIR; };
		48DA424821A00928006D1218 /* helloSwiftUITests.swift */ = {isa = PBXFileReference; lastKnownFileType = sourcecode.swift; path = helloSwiftUITests.swift; sourceTree = "<group>"; };
		48DA424A21A00928006D1218 /* Info.plist */ = {isa = PBXFileReference; lastKnownFileType = text.plist.xml; path = Info.plist; sourceTree = "<group>"; };
/* End PBXFileReference section */

/* Begin PBXFrameworksBuildPhase section */
		48DA422221A00925006D1218 /* Frameworks */ = {
			isa = PBXFrameworksBuildPhase;
			buildActionMask = 2147483647;
			files = (
			);
			runOnlyForDeploymentPostprocessing = 0;
		};
		48DA423621A00928006D1218 /* Frameworks */ = {
			isa = PBXFrameworksBuildPhase;
			buildActionMask = 2147483647;
			files = (
			);
			runOnlyForDeploymentPostprocessing = 0;
		};
		48DA424121A00928006D1218 /* Frameworks */ = {
			isa = PBXFrameworksBuildPhase;
			buildActionMask = 2147483647;
			files = (
			);
			runOnlyForDeploymentPostprocessing = 0;
		};
/* End PBXFrameworksBuildPhase section */

/* Begin PBXGroup section */
		48DA421C21A00925006D1218 = {
			isa = PBXGroup;
			children = (
				48DA422721A00925006D1218 /* helloSwift */,
				48DA423C21A00928006D1218 /* helloSwiftTests */,
				48DA424721A00928006D1218 /* helloSwiftUITests */,
				48DA422621A00925006D1218 /* Products */,
			);
			sourceTree = "<group>";
		};
		48DA422621A00925006D1218 /* Products */ = {
			isa = PBXGroup;
			children = (
				48DA422521A00925006D1218 /* helloSwift.app */,
				48DA423921A00928006D1218 /* helloSwiftTests.xctest */,
				48DA424421A00928006D1218 /* helloSwiftUITests.xctest */,
			);
			name = Products;
			sourceTree = "<group>";
		};
		48DA422721A00925006D1218 /* helloSwift */ = {
			isa = PBXGroup;
			children = (
				48DA422821A00925006D1218 /* AppDelegate.swift */,
				48DA422A21A00925006D1218 /* ViewController.swift */,
				48DA422C21A00925006D1218 /* Main.storyboard */,
				48DA422F21A00927006D1218 /* Assets.xcassets */,
				48DA423121A00927006D1218 /* LaunchScreen.storyboard */,
				48DA423421A00927006D1218 /* Info.plist */,
			);
			path = helloSwift;
			sourceTree = "<group>";
		};
		48DA423C21A00928006D1218 /* helloSwiftTests */ = {
			isa = PBXGroup;
			children = (
				48DA423D21A00928006D1218 /* helloSwiftTests.swift */,
				48DA423F21A00928006D1218 /* Info.plist */,
			);
			path = helloSwiftTests;
			sourceTree = "<group>";
		};
		48DA424721A00928006D1218 /* helloSwiftUITests */ = {
			isa = PBXGroup;
			children = (
				48DA424821A00928006D1218 /* helloSwiftUITests.swift */,
				48DA424A21A00928006D1218 /* Info.plist */,
			);
			path = helloSwiftUITests;
			sourceTree = "<group>";
		};
/* End PBXGroup section */

/* Begin PBXNativeTarget section */
		48DA422421A00925006D1218 /* helloSwift */ = {
			isa = PBXNativeTarget;
			buildConfigurationList = 48DA424D21A00928006D1218 /* Build configuration list for PBXNativeTarget "helloSwift" */;
			buildPhases = (
				48DA422121A00925006D1218 /* Sources */,
				48DA422221A00925006D1218 /* Frameworks */,
				48DA422321A00925006D1218 /* Resources */,
			);
			buildRules = (
			);
			dependencies = (
			);
			name = helloSwift;
			productName = helloSwift;
			productReference = 48DA422521A00925006D1218 /* helloSwift.app */;
			productType = "com.apple.product-type.application";
		};
		48DA423821A00928006D1218 /* helloSwiftTests */ = {
			isa = PBXNativeTarget;
			buildConfigurationList = 48DA425021A00928006D1218 /* Build configuration list for PBXNativeTarget "helloSwiftTests" */;
			buildPhases = (
				48DA423521A00928006D1218 /* Sources */,
				48DA423621A00928006D1218 /* Frameworks */,
				48DA423721A00928006D1218 /* Resources */,
			);
			buildRules = (
			);
			dependencies = (
				48DA423B21A00928006D1218 /* PBXTargetDependency */,
			);
			name = helloSwiftTests;
			productName = helloSwiftTests;
			productReference = 48DA423921A00928006D1218 /* helloSwiftTests.xctest */;
			productType = "com.apple.product-type.bundle.unit-test";
		};
		48DA424321A00928006D1218 /* helloSwiftUITests */ = {
			isa = PBXNativeTarget;
			buildConfigurationList = 48DA425321A00928006D1218 /* Build configuration list for PBXNativeTarget "helloSwiftUITests" */;
			buildPhases = (
				48DA424021A00928006D1218 /* Sources */,
				48DA424121A00928006D1218 /* Frameworks */,
				48DA424221A00928006D1218 /* Resources */,
			);
			buildRules = (
			);
			dependencies = (
				48DA424621A00928006D1218 /* PBXTargetDependency */,
			);
			name = helloSwiftUITests;
			productName = helloSwiftUITests;
			productReference = 48DA424421A00928006D1218 /* helloSwiftUITests.xctest */;
			productType = "com.apple.product-type.bundle.ui-testing";
		};
/* End PBXNativeTarget section */

/* Begin PBXProject section */
		48DA421D21A00925006D1218 /* Project object */ = {
			isa = PBXProject;
			attributes = {
				LastSwiftUpdateCheck = 1010;
				LastUpgradeCheck = 1010;
				ORGANIZATIONNAME = nira;
				TargetAttributes = {
					48DA422421A00925006D1218 = {
						CreatedOnToolsVersion = 10.1;
					};
					48DA423821A00928006D1218 = {
						CreatedOnToolsVersion = 10.1;
						TestTargetID = 48DA422421A00925006D1218;
					};
					48DA424321A00928006D1218 = {
						CreatedOnToolsVersion = 10.1;
						TestTargetID = 48DA422421A00925006D1218;
					};
				};
			};
			buildConfigurationList = 48DA422021A00925006D1218 /* Build configuration list for PBXProject "helloSwift" */;
			compatibilityVersion = "Xcode 9.3";
			developmentRegion = en;
			hasScannedForEncodings = 0;
			knownRegions = (
				en,
				Base,
			);
			mainGroup = 48DA421C21A00925006D1218;
			productRefGroup = 48DA422621A00925006D1218 /* Products */;
			projectDirPath = "";
			projectRoot = "";
			targets = (
				48DA422421A00925006D1218 /* helloSwift */,
				48DA423821A00928006D1218 /* helloSwiftTests */,
				48DA424321A00928006D1218 /* helloSwiftUITests */,
			);
		};
/* End PBXProject section */

/* Begin PBXResourcesBuildPhase section */
		48DA422321A00925006D1218 /* Resources */ = {
			isa = PBXResourcesBuildPhase;
			buildActionMask = 2147483647;
			files = (
				48DA423321A00927006D1218 /* LaunchScreen.storyboard in Resources */,
				48DA423021A00927006D1218 /* Assets.xcassets in Resources */,
				48DA422E21A00925006D1218 /* Main.storyboard in Resources */,
			);
			runOnlyForDeploymentPostprocessing = 0;
		};
		48DA423721A00928006D1218 /* Resources */ = {
			isa = PBXResourcesBuildPhase;
			buildActionMask = 2147483647;
			files = (
			);
			runOnlyForDeploymentPostprocessing = 0;
		};
		48DA424221A00928006D1218 /* Resources */ = {
			isa = PBXResourcesBuildPhase;
			buildActionMask = 2147483647;
			files = (
			);
			runOnlyForDeploymentPostprocessing = 0;
		};
/* End PBXResourcesBuildPhase section */

/* Begin PBXSourcesBuildPhase section */
		48DA422121A00925006D1218 /* Sources */ = {
			isa = PBXSourcesBuildPhase;
			buildActionMask = 2147483647;
			files = (
				48DA422B21A00925006D1218 /* ViewController.swift in Sources */,
				48DA422921A00925006D1218 /* AppDelegate.swift in Sources */,
			);
			runOnlyForDeploymentPostprocessing = 0;
		};
		48DA423521A00928006D1218 /* Sources */ = {
			isa = PBXSourcesBuildPhase;
			buildActionMask = 2147483647;
			files = (
				48DA423E21A00928006D1218 /* helloSwiftTests.swift in Sources */,
			);
			runOnlyForDeploymentPostprocessing = 0;
		};
		48DA424021A00928006D1218 /* Sources */ = {
			isa = PBXSourcesBuildPhase;
			buildActionMask = 2147483647;
			files = (
				48DA424921A00928006D1218 /* helloSwiftUITests.swift in Sources */,
			);
			runOnlyForDeploymentPostprocessing = 0;
		};
/* End PBXSourcesBuildPhase section */

/* Begin PBXTargetDependency section */
		48DA423B21A00928006D1218 /* PBXTargetDependency */ = {
			isa = PBXTargetDependency;
			target = 48DA422421A00925006D1218 /* helloSwift */;
			targetProxy = 48DA423A21A00928006D1218 /* PBXContainerItemProxy */;
		};
		48DA424621A00928006D1218 /* PBXTargetDependency */ = {
			isa = PBXTargetDependency;
			target = 48DA422421A00925006D1218 /* helloSwift */;
			targetProxy = 48DA424521A00928006D1218 /* PBXContainerItemProxy */;
		};
/* End PBXTargetDependency section */

/* Begin PBXVariantGroup section */
		48DA422C21A00925006D1218 /* Main.storyboard */ = {
			isa = PBXVariantGroup;
			children = (
				48DA422D21A00925006D1218 /* Base */,
			);
			name = Main.storyboard;
			sourceTree = "<group>";
		};
		48DA423121A00927006D1218 /* LaunchScreen.storyboard */ = {
			isa = PBXVariantGroup;
			children = (
				48DA423221A00927006D1218 /* Base */,
			);
			name = LaunchScreen.storyboard;
			sourceTree = "<group>";
		};
/* End PBXVariantGroup section */

/* Begin XCBuildConfiguration section */
		48DA424B21A00928006D1218 /* Debug */ = {
			isa = XCBuildConfiguration;
			buildSettings = {
				ALWAYS_SEARCH_USER_PATHS = NO;
				CLANG_ANALYZER_NONNULL = YES;
				CLANG_ANALYZER_NUMBER_OBJECT_CONVERSION = YES_AGGRESSIVE;
				CLANG_CXX_LANGUAGE_STANDARD = "gnu++14";
				CLANG_CXX_LIBRARY = "libc++";
				CLANG_ENABLE_MODULES = YES;
				CLANG_ENABLE_OBJC_ARC = YES;
				CLANG_ENABLE_OBJC_WEAK = YES;
				CLANG_WARN_BLOCK_CAPTURE_AUTORELEASING = YES;
				CLANG_WARN_BOOL_CONVERSION = YES;
				CLANG_WARN_COMMA = YES;
				CLANG_WARN_CONSTANT_CONVERSION = YES;
				CLANG_WARN_DEPRECATED_OBJC_IMPLEMENTATIONS = YES;
				CLANG_WARN_DIRECT_OBJC_ISA_USAGE = YES_ERROR;
				CLANG_WARN_DOCUMENTATION_COMMENTS = YES;
				CLANG_WARN_EMPTY_BODY = YES;
				CLANG_WARN_ENUM_CONVERSION = YES;
				CLANG_WARN_INFINITE_RECURSION = YES;
				CLANG_WARN_INT_CONVERSION = YES;
				CLANG_WARN_NON_LITERAL_NULL_CONVERSION = YES;
				CLANG_WARN_OBJC_IMPLICIT_RETAIN_SELF = YES;
				CLANG_WARN_OBJC_LITERAL_CONVERSION = YES;
				CLANG_WARN_OBJC_ROOT_CLASS = YES_ERROR;
				CLANG_WARN_RANGE_LOOP_ANALYSIS = YES;
				CLANG_WARN_STRICT_PROTOTYPES = YES;
				CLANG_WARN_SUSPICIOUS_MOVE = YES;
				CLANG_WARN_UNGUARDED_AVAILABILITY = YES_AGGRESSIVE;
				CLANG_WARN_UNREACHABLE_CODE = YES;
				CLANG_WARN__DUPLICATE_METHOD_MATCH = YES;
				CODE_SIGN_IDENTITY = "iPhone Developer";
				COPY_PHASE_STRIP = NO;
				DEBUG_INFORMATION_FORMAT = dwarf;
				ENABLE_STRICT_OBJC_MSGSEND = YES;
				ENABLE_TESTABILITY = YES;
				GCC_C_LANGUAGE_STANDARD = gnu11;
				GCC_DYNAMIC_NO_PIC = NO;
				GCC_NO_COMMON_BLOCKS = YES;
				GCC_OPTIMIZATION_LEVEL = 0;
				GCC_PREPROCESSOR_DEFINITIONS = (
					"DEBUG=1",
					"$(inherited)",
				);
				GCC_WARN_64_TO_32_BIT_CONVERSION = YES;
				GCC_WARN_ABOUT_RETURN_TYPE = YES_ERROR;
				GCC_WARN_UNDECLARED_SELECTOR = YES;
				GCC_WARN_UNINITIALIZED_AUTOS = YES_AGGRESSIVE;
				GCC_WARN_UNUSED_FUNCTION = YES;
				GCC_WARN_UNUSED_VARIABLE = YES;
				IPHONEOS_DEPLOYMENT_TARGET = 12.1;
				MTL_ENABLE_DEBUG_INFO = INCLUDE_SOURCE;
				MTL_FAST_MATH = YES;
				ONLY_ACTIVE_ARCH = YES;
				SDKROOT = iphoneos;
				SWIFT_ACTIVE_COMPILATION_CONDITIONS = DEBUG;
				SWIFT_OPTIMIZATION_LEVEL = "-Onone";
			};
			name = Debug;
		};
		48DA424C21A00928006D1218 /* Release */ = {
			isa = XCBuildConfiguration;
			buildSettings = {
				ALWAYS_SEARCH_USER_PATHS = NO;
				CLANG_ANALYZER_NONNULL = YES;
				CLANG_ANALYZER_NUMBER_OBJECT_CONVERSION = YES_AGGRESSIVE;
				CLANG_CXX_LANGUAGE_STANDARD = "gnu++14";
				CLANG_CXX_LIBRARY = "libc++";
				CLANG_ENABLE_MODULES = YES;
				CLANG_ENABLE_OBJC_ARC = YES;
				CLANG_ENABLE_OBJC_WEAK = YES;
				CLANG_WARN_BLOCK_CAPTURE_AUTORELEASING = YES;
				CLANG_WARN_BOOL_CONVERSION = YES;
				CLANG_WARN_COMMA = YES;
				CLANG_WARN_CONSTANT_CONVERSION = YES;
				CLANG_WARN_DEPRECATED_OBJC_IMPLEMENTATIONS = YES;
				CLANG_WARN_DIRECT_OBJC_ISA_USAGE = YES_ERROR;
				CLANG_WARN_DOCUMENTATION_COMMENTS = YES;
				CLANG_WARN_EMPTY_BODY = YES;
				CLANG_WARN_ENUM_CONVERSION = YES;
				CLANG_WARN_INFINITE_RECURSION = YES;
				CLANG_WARN_INT_CONVERSION = YES;
				CLANG_WARN_NON_LITERAL_NULL_CONVERSION = YES;
				CLANG_WARN_OBJC_IMPLICIT_RETAIN_SELF = YES;
				CLANG_WARN_OBJC_LITERAL_CONVERSION = YES;
				CLANG_WARN_OBJC_ROOT_CLASS = YES_ERROR;
				CLANG_WARN_RANGE_LOOP_ANALYSIS = YES;
				CLANG_WARN_STRICT_PROTOTYPES = YES;
				CLANG_WARN_SUSPICIOUS_MOVE = YES;
				CLANG_WARN_UNGUARDED_AVAILABILITY = YES_AGGRESSIVE;
				CLANG_WARN_UNREACHABLE_CODE = YES;
				CLANG_WARN__DUPLICATE_METHOD_MATCH = YES;
				CODE_SIGN_IDENTITY = "iPhone Developer";
				COPY_PHASE_STRIP = NO;
				DEBUG_INFORMATION_FORMAT = "dwarf-with-dsym";
				ENABLE_NS_ASSERTIONS = NO;
				ENABLE_STRICT_OBJC_MSGSEND = YES;
				GCC_C_LANGUAGE_STANDARD = gnu11;
				GCC_NO_COMMON_BLOCKS = YES;
				GCC_WARN_64_TO_32_BIT_CONVERSION = YES;
				GCC_WARN_ABOUT_RETURN_TYPE = YES_ERROR;
				GCC_WARN_UNDECLARED_SELECTOR = YES;
				GCC_WARN_UNINITIALIZED_AUTOS = YES_AGGRESSIVE;
				GCC_WARN_UNUSED_FUNCTION = YES;
				GCC_WARN_UNUSED_VARIABLE = YES;
				IPHONEOS_DEPLOYMENT_TARGET = 12.1;
				MTL_ENABLE_DEBUG_INFO = NO;
				MTL_FAST_MATH = YES;
				SDKROOT = iphoneos;
				SWIFT_COMPILATION_MODE = wholemodule;
				SWIFT_OPTIMIZATION_LEVEL = "-O";
				VALIDATE_PRODUCT = YES;
			};
			name = Release;
		};
		48DA424E21A00928006D1218 /* Debug */ = {
			isa = XCBuildConfiguration;
			buildSettings = {
				ASSETCATALOG_COMPILER_APPICON_NAME = AppIcon;
				CODE_SIGN_STYLE = Automatic;
				DEVELOPMENT_TEAM = 4GK5U8LMWA;
				INFOPLIST_FILE = helloSwift/Info.plist;
				LD_RUNPATH_SEARCH_PATHS = (
					"$(inherited)",
					"@executable_path/Frameworks",
				);
				PRODUCT_BUNDLE_IDENTIFIER = nira.helloSwift;
				PRODUCT_NAME = "$(TARGET_NAME)";
				SWIFT_VERSION = 4.2;
				TARGETED_DEVICE_FAMILY = "1,2";
			};
			name = Debug;
		};
		48DA424F21A00928006D1218 /* Release */ = {
			isa = XCBuildConfiguration;
			buildSettings = {
				ASSETCATALOG_COMPILER_APPICON_NAME = AppIcon;
				CODE_SIGN_STYLE = Automatic;
				DEVELOPMENT_TEAM = 4GK5U8LMWA;
				INFOPLIST_FILE = helloSwift/Info.plist;
				LD_RUNPATH_SEARCH_PATHS = (
					"$(inherited)",
					"@executable_path/Frameworks",
				);
				PRODUCT_BUNDLE_IDENTIFIER = nira.helloSwift;
				PRODUCT_NAME = "$(TARGET_NAME)";
				SWIFT_VERSION = 4.2;
				TARGETED_DEVICE_FAMILY = "1,2";
			};
			name = Release;
		};
		48DA425121A00928006D1218 /* Debug */ = {
			isa = XCBuildConfiguration;
			buildSettings = {
				ALWAYS_EMBED_SWIFT_STANDARD_LIBRARIES = YES;
				BUNDLE_LOADER = "$(TEST_HOST)";
				CODE_SIGN_STYLE = Automatic;
				DEVELOPMENT_TEAM = 4GK5U8LMWA;
				INFOPLIST_FILE = helloSwiftTests/Info.plist;
				LD_RUNPATH_SEARCH_PATHS = (
					"$(inherited)",
					"@executable_path/Frameworks",
					"@loader_path/Frameworks",
				);
				PRODUCT_BUNDLE_IDENTIFIER = nira.helloSwiftTests;
				PRODUCT_NAME = "$(TARGET_NAME)";
				SWIFT_VERSION = 4.2;
				TARGETED_DEVICE_FAMILY = "1,2";
				TEST_HOST = "$(BUILT_PRODUCTS_DIR)/helloSwift.app/helloSwift";
			};
			name = Debug;
		};
		48DA425221A00928006D1218 /* Release */ = {
			isa = XCBuildConfiguration;
			buildSettings = {
				ALWAYS_EMBED_SWIFT_STANDARD_LIBRARIES = YES;
				BUNDLE_LOADER = "$(TEST_HOST)";
				CODE_SIGN_STYLE = Automatic;
				DEVELOPMENT_TEAM = 4GK5U8LMWA;
				INFOPLIST_FILE = helloSwiftTests/Info.plist;
				LD_RUNPATH_SEARCH_PATHS = (
					"$(inherited)",
					"@executable_path/Frameworks",
					"@loader_path/Frameworks",
				);
				PRODUCT_BUNDLE_IDENTIFIER = nira.helloSwiftTests;
				PRODUCT_NAME = "$(TARGET_NAME)";
				SWIFT_VERSION = 4.2;
				TARGETED_DEVICE_FAMILY = "1,2";
				TEST_HOST = "$(BUILT_PRODUCTS_DIR)/helloSwift.app/helloSwift";
			};
			name = Release;
		};
		48DA425421A00928006D1218 /* Debug */ = {
			isa = XCBuildConfiguration;
			buildSettings = {
				ALWAYS_EMBED_SWIFT_STANDARD_LIBRARIES = YES;
				CODE_SIGN_STYLE = Automatic;
				DEVELOPMENT_TEAM = 4GK5U8LMWA;
				INFOPLIST_FILE = helloSwiftUITests/Info.plist;
				LD_RUNPATH_SEARCH_PATHS = (
					"$(inherited)",
					"@executable_path/Frameworks",
					"@loader_path/Frameworks",
				);
				PRODUCT_BUNDLE_IDENTIFIER = nira.helloSwiftUITests;
				PRODUCT_NAME = "$(TARGET_NAME)";
				SWIFT_VERSION = 4.2;
				TARGETED_DEVICE_FAMILY = "1,2";
				TEST_TARGET_NAME = helloSwift;
			};
			name = Debug;
		};
		48DA425521A00928006D1218 /* Release */ = {
			isa = XCBuildConfiguration;
			buildSettings = {
				ALWAYS_EMBED_SWIFT_STANDARD_LIBRARIES = YES;
				CODE_SIGN_STYLE = Automatic;
				DEVELOPMENT_TEAM = 4GK5U8LMWA;
				INFOPLIST_FILE = helloSwiftUITests/Info.plist;
				LD_RUNPATH_SEARCH_PATHS = (
					"$(inherited)",
					"@executable_path/Frameworks",
					"@loader_path/Frameworks",
				);
				PRODUCT_BUNDLE_IDENTIFIER = nira.helloSwiftUITests;
				PRODUCT_NAME = "$(TARGET_NAME)";
				SWIFT_VERSION = 4.2;
				TARGETED_DEVICE_FAMILY = "1,2";
				TEST_TARGET_NAME = helloSwift;
			};
			name = Release;
		};
/* End XCBuildConfiguration section */

/* Begin XCConfigurationList section */
		48DA422021A00925006D1218 /* Build configuration list for PBXProject "helloSwift" */ = {
			isa = XCConfigurationList;
			buildConfigurations = (
				48DA424B21A00928006D1218 /* Debug */,
				48DA424C21A00928006D1218 /* Release */,
			);
			defaultConfigurationIsVisible = 0;
			defaultConfigurationName = Release;
		};
		48DA424D21A00928006D1218 /* Build configuration list for PBXNativeTarget "helloSwift" */ = {
			isa = XCConfigurationList;
			buildConfigurations = (
				48DA424E21A00928006D1218 /* Debug */,
				48DA424F21A00928006D1218 /* Release */,
			);
			defaultConfigurationIsVisible = 0;
			defaultConfigurationName = Release;
		};
		48DA425021A00928006D1218 /* Build configuration list for PBXNativeTarget "helloSwiftTests" */ = {
			isa = XCConfigurationList;
			buildConfigurations = (
				48DA425121A00928006D1218 /* Debug */,
				48DA425221A00928006D1218 /* Release */,
			);
			defaultConfigurationIsVisible = 0;
			defaultConfigurationName = Release;
		};
		48DA425321A00928006D1218 /* Build configuration list for PBXNativeTarget "helloSwiftUITests" */ = {
			isa = XCConfigurationList;
			buildConfigurations = (
				48DA425421A00928006D1218 /* Debug */,
				48DA425521A00928006D1218 /* Release */,
			);
			defaultConfigurationIsVisible = 0;
			defaultConfigurationName = Release;
		};
/* End XCConfigurationList section */
	};
	rootObject = 48DA421D21A00925006D1218 /* Project object */;
}
